github.com/advancebsd/ianus v0.0.0-20211227060206-71863c9e3960 h1:lPZ9R/FTL6jHCXEgb7Q6b33AvS8fac8+JY9xg74c+88=
github.com/advancebsd/ianus v0.0.0-20211227060206-71863c9e3960/go.mod h1:tUEUZTzyndrIL34M/FX1jyMBxTa7yDVWZ/Er70QVRSE=
github.com/advancebsd/ianus v0.0.0-20220105083640-3c7b7874751b h1:Rn14zUAJGSNOeot8gKsYM4tMQwsxyoI18II5zKtRKwA=
github.com/advancebsd/ianus v0.0.0-20220105083640-3c7b7874751b/go.mod h1:WpLvcQ02KdVp6v39x1lDIJ+s1/TjO1gLDBdcGgwMVdk=
github.com/advancebsd/ianus v0.0.0-20220105230647-f623ff97aeaa h1:aGZ0SOUVDlyC5IJ7iLgKyjIBPb2ooYmICPkJa/X/ttI=
github.com/advancebsd/ianus v0.0.0-20220105230647-f623ff97aeaa/go.mod h1:WpLvcQ02KdVp6v39x1lDIJ+s1/TjO1gLDBdcGgwMVdk=
github.com/advancebsd/ianus v0.0.0-20220107210827-51779750633d h1:QC4qmgDLLpBpa1qb2tKWbX9Rk8HpKZAJQTPb7sYDeAc=
github.com/advancebsd/ianus v0.0.0-20220107210827-51779750633d/go.mod h1:WpLvcQ02KdVp6v39x1lDIJ+s1/TjO1gLDBdcGgwMVdk=
